{
  "name": "social-network",
  "version": "1.0.0",
  "lockfileVersion": 1,
  "requires": true,
  "dependencies": {
    "mock-cloud-firestore": {
      "version": "0.9.2",
      "resolved": "https://registry.npmjs.org/mock-cloud-firestore/-/mock-cloud-firestore-0.9.2.tgz",
      "integrity": "sha512-67oIz480ndjQlq8QfAdeUra0/EIiPmEjilrUkJQE1gLTEYrID5HuWcJch8ZcmpgrSCZm5G39yxVExfavjTIh4Q==",
      "dev": true
    }
  }
}
